{
  "version": 4,
  "terraform_version": "1.1.9",
  "serial": 21,
  "lineage": "ad5f2696-451c-0f5b-415b-05af5a58a10c",
  "outputs": {},
  "resources": [
    {
      "mode": "data",
      "type": "google_project",
      "name": "current_project",
      "provider": "provider[\"registry.terraform.io/hashicorp/google\"]",
      "instances": [
        {
          "schema_version": 0,
          "attributes": {
            "auto_create_network": null,
            "billing_account": "016228-9B7EFC-0AD432",
            "folder_id": null,
            "id": "projects/g-hack-348122",
            "labels": {},
            "name": "G-HACK",
            "number": "522789796596",
            "org_id": null,
            "project_id": "g-hack-348122",
            "skip_delete": null
          },
          "sensitive_attributes": []
        }
      ]
    },
    {
      "mode": "data",
      "type": "google_service_account",
      "name": "terraform",
      "provider": "provider[\"registry.terraform.io/hashicorp/google\"]",
      "instances": [
        {
          "schema_version": 0,
          "attributes": {
            "account_id": "devoteam-hackaton-terraform",
            "display_name": "",
            "email": "devoteam-hackaton-terraform@g-hack-348122.iam.gserviceaccount.com",
            "id": "projects/g-hack-348122/serviceAccounts/devoteam-hackaton-terraform@g-hack-348122.iam.gserviceaccount.com",
            "name": "projects/g-hack-348122/serviceAccounts/devoteam-hackaton-terraform@g-hack-348122.iam.gserviceaccount.com",
            "project": "g-hack-348122",
            "unique_id": "117179117953865110350"
          },
          "sensitive_attributes": []
        }
      ]
    },
    {
      "module": "module.file_ingest",
      "mode": "data",
      "type": "google_app_engine_default_service_account",
      "name": "default",
      "provider": "provider[\"registry.terraform.io/hashicorp/google\"]",
      "instances": [
        {
          "schema_version": 0,
          "attributes": {
            "display_name": null,
            "email": null,
            "id": null,
            "name": null,
            "project": null,
            "unique_id": null
          },
          "sensitive_attributes": []
        }
      ]
    },
    {
      "module": "module.file_ingest",
      "mode": "data",
      "type": "google_project",
      "name": "current_project",
      "provider": "provider[\"registry.terraform.io/hashicorp/google\"]",
      "instances": [
        {
          "schema_version": 0,
          "attributes": {
            "auto_create_network": null,
            "billing_account": "016228-9B7EFC-0AD432",
            "folder_id": null,
            "id": "projects/g-hack-348122",
            "labels": {},
            "name": "G-HACK",
            "number": "522789796596",
            "org_id": null,
            "project_id": "g-hack-348122",
            "skip_delete": null
          },
          "sensitive_attributes": []
        }
      ]
    },
    {
      "module": "module.file_ingest",
      "mode": "data",
      "type": "google_storage_project_service_account",
      "name": "gcs_account",
      "provider": "provider[\"registry.terraform.io/hashicorp/google\"]",
      "instances": [
        {
          "schema_version": 0,
          "attributes": {
            "email_address": "service-522789796596@gs-project-accounts.iam.gserviceaccount.com",
            "id": "service-522789796596@gs-project-accounts.iam.gserviceaccount.com",
            "project": "g-hack-348122",
            "user_project": null
          },
          "sensitive_attributes": []
        }
      ]
    },
    {
      "module": "module.file_ingest",
      "mode": "managed",
      "type": "google_project_iam_custom_role",
      "name": "gcs_to_bq_role",
      "provider": "provider[\"registry.terraform.io/hashicorp/google\"]",
      "instances": [
        {
          "schema_version": 0,
          "attributes": {
            "deleted": false,
            "description": "A customized IAM role for gcs to bq function",
            "id": "projects/g-hack-348122/roles/gcs_to_bq_function",
            "name": "projects/g-hack-348122/roles/gcs_to_bq_function",
            "permissions": [
              "bigquery.jobs.create",
              "bigquery.jobs.delete",
              "bigquery.jobs.get",
              "bigquery.jobs.update",
              "bigquery.tables.create",
              "bigquery.tables.get",
              "bigquery.tables.getData",
              "bigquery.tables.update",
              "bigquery.tables.updateData",
              "storage.objects.get",
              "storage.objects.list"
            ],
            "project": "g-hack-348122",
            "role_id": "gcs_to_bq_function",
            "stage": "GA",
            "title": "GCS to BigQuery function dedicated role"
          },
          "sensitive_attributes": [],
          "private": "bnVsbA=="
        }
      ]
    },
    {
      "module": "module.file_ingest",
      "mode": "managed",
      "type": "google_project_iam_custom_role",
      "name": "move_files_role",
      "provider": "provider[\"registry.terraform.io/hashicorp/google\"]",
      "instances": [
        {
          "schema_version": 0,
          "attributes": {
            "deleted": false,
            "description": "A customized IAM role for move files function",
            "id": "projects/g-hack-348122/roles/move_files_function",
            "name": "projects/g-hack-348122/roles/move_files_function",
            "permissions": [
              "storage.objects.create",
              "storage.objects.delete",
              "storage.objects.get"
            ],
            "project": "g-hack-348122",
            "role_id": "move_files_function",
            "stage": "GA",
            "title": "Move files function dedicated role"
          },
          "sensitive_attributes": [],
          "private": "bnVsbA=="
        }
      ]
    },
    {
      "module": "module.file_ingest",
      "mode": "managed",
      "type": "google_project_iam_member",
      "name": "gcs_to_bq_permissions",
      "provider": "provider[\"registry.terraform.io/hashicorp/google\"]",
      "instances": [
        {
          "schema_version": 0,
          "attributes": {
            "condition": [],
            "etag": "BwXdbxdfvvs=",
            "id": "g-hack-348122/projects/g-hack-348122/roles/gcs_to_bq_function/serviceAccount:gcs-to-bq@g-hack-348122.iam.gserviceaccount.com",
            "member": "serviceAccount:gcs-to-bq@g-hack-348122.iam.gserviceaccount.com",
            "project": "g-hack-348122",
            "role": "projects/g-hack-348122/roles/gcs_to_bq_function"
          },
          "sensitive_attributes": [],
          "private": "bnVsbA==",
          "dependencies": [
            "module.file_ingest.data.google_project.current_project",
            "module.file_ingest.google_project_iam_custom_role.gcs_to_bq_role",
            "module.file_ingest.google_service_account.gcs-to-bq"
          ]
        }
      ]
    },
    {
      "module": "module.file_ingest",
      "mode": "managed",
      "type": "google_project_iam_member",
      "name": "move_delete_files_function_gcs_editor",
      "provider": "provider[\"registry.terraform.io/hashicorp/google\"]",
      "instances": [
        {
          "schema_version": 0,
          "attributes": {
            "condition": [],
            "etag": "BwXdbxdfvvs=",
            "id": "g-hack-348122/projects/g-hack-348122/roles/move_files_function/serviceAccount:move-delete-files@g-hack-348122.iam.gserviceaccount.com",
            "member": "serviceAccount:move-delete-files@g-hack-348122.iam.gserviceaccount.com",
            "project": "g-hack-348122",
            "role": "projects/g-hack-348122/roles/move_files_function"
          },
          "sensitive_attributes": [],
          "private": "bnVsbA==",
          "dependencies": [
            "module.file_ingest.data.google_project.current_project",
            "module.file_ingest.google_project_iam_custom_role.move_files_role",
            "module.file_ingest.google_service_account.move_delete_files"
          ]
        }
      ]
    },
    {
      "module": "module.file_ingest",
      "mode": "managed",
      "type": "google_pubsub_topic",
      "name": "gcs_to_bq_integration_done",
      "provider": "provider[\"registry.terraform.io/hashicorp/google\"]",
      "instances": [
        {
          "schema_version": 0,
          "attributes": {
            "id": "projects/g-hack-348122/topics/gcs_to_bq_integration_done",
            "kms_key_name": "",
            "labels": null,
            "message_retention_duration": "",
            "message_storage_policy": [],
            "name": "gcs_to_bq_integration_done",
            "project": "g-hack-348122",
            "schema_settings": [],
            "timeouts": null
          },
          "sensitive_attributes": [],
          "private": "eyJlMmJmYjczMC1lY2FhLTExZTYtOGY4OC0zNDM2M2JjN2M0YzAiOnsiY3JlYXRlIjoxMjAwMDAwMDAwMDAwLCJkZWxldGUiOjEyMDAwMDAwMDAwMDAsInVwZGF0ZSI6MTIwMDAwMDAwMDAwMH19"
        }
      ]
    },
    {
      "module": "module.file_ingest",
      "mode": "managed",
      "type": "google_pubsub_topic",
      "name": "integration-bucket",
      "provider": "provider[\"registry.terraform.io/hashicorp/google\"]",
      "instances": [
        {
          "schema_version": 0,
          "attributes": {
            "id": "projects/g-hack-348122/topics/integration-bucket",
            "kms_key_name": "",
            "labels": null,
            "message_retention_duration": "",
            "message_storage_policy": [],
            "name": "integration-bucket",
            "project": "g-hack-348122",
            "schema_settings": [],
            "timeouts": null
          },
          "sensitive_attributes": [],
          "private": "eyJlMmJmYjczMC1lY2FhLTExZTYtOGY4OC0zNDM2M2JjN2M0YzAiOnsiY3JlYXRlIjoxMjAwMDAwMDAwMDAwLCJkZWxldGUiOjEyMDAwMDAwMDAwMDAsInVwZGF0ZSI6MTIwMDAwMDAwMDAwMH19"
        }
      ]
    },
    {
      "module": "module.file_ingest",
      "mode": "managed",
      "type": "google_pubsub_topic_iam_binding",
      "name": "gcs_to_bq_function_pubsub_publisher",
      "provider": "provider[\"registry.terraform.io/hashicorp/google\"]",
      "instances": [
        {
          "schema_version": 0,
          "attributes": {
            "condition": [],
            "etag": "BwXdbxd+LCg=",
            "id": "projects/g-hack-348122/topics/gcs_to_bq_integration_done/roles/pubsub.publisher",
            "members": [
              "serviceAccount:gcs-to-bq@g-hack-348122.iam.gserviceaccount.com"
            ],
            "project": "g-hack-348122",
            "role": "roles/pubsub.publisher",
            "topic": "projects/g-hack-348122/topics/gcs_to_bq_integration_done"
          },
          "sensitive_attributes": [],
          "private": "bnVsbA==",
          "dependencies": [
            "module.file_ingest.data.google_project.current_project",
            "module.file_ingest.google_pubsub_topic.gcs_to_bq_integration_done",
            "module.file_ingest.google_service_account.gcs-to-bq"
          ]
        }
      ]
    },
    {
      "module": "module.file_ingest",
      "mode": "managed",
      "type": "google_pubsub_topic_iam_binding",
      "name": "ingest_notification",
      "provider": "provider[\"registry.terraform.io/hashicorp/google\"]",
      "instances": [
        {
          "schema_version": 0,
          "attributes": {
            "condition": [],
            "etag": "BwXdbxeFO9g=",
            "id": "projects/g-hack-348122/topics/integration-bucket/roles/pubsub.publisher",
            "members": [
              "serviceAccount:service-522789796596@gs-project-accounts.iam.gserviceaccount.com"
            ],
            "project": "g-hack-348122",
            "role": "roles/pubsub.publisher",
            "topic": "projects/g-hack-348122/topics/integration-bucket"
          },
          "sensitive_attributes": [],
          "private": "bnVsbA==",
          "dependencies": [
            "module.file_ingest.data.google_storage_project_service_account.gcs_account",
            "module.file_ingest.google_pubsub_topic.integration-bucket"
          ]
        }
      ]
    },
    {
      "module": "module.file_ingest",
      "mode": "managed",
      "type": "google_service_account",
      "name": "gcs-to-bq",
      "provider": "provider[\"registry.terraform.io/hashicorp/google\"]",
      "instances": [
        {
          "schema_version": 0,
          "attributes": {
            "account_id": "gcs-to-bq",
            "description": "",
            "disabled": false,
            "display_name": "Service Account to run gcs_to_bq cloud function",
            "email": "gcs-to-bq@g-hack-348122.iam.gserviceaccount.com",
            "id": "projects/g-hack-348122/serviceAccounts/gcs-to-bq@g-hack-348122.iam.gserviceaccount.com",
            "name": "projects/g-hack-348122/serviceAccounts/gcs-to-bq@g-hack-348122.iam.gserviceaccount.com",
            "project": "g-hack-348122",
            "timeouts": null,
            "unique_id": "110203499030506216981"
          },
          "sensitive_attributes": [],
          "private": "eyJlMmJmYjczMC1lY2FhLTExZTYtOGY4OC0zNDM2M2JjN2M0YzAiOnsiY3JlYXRlIjozMDAwMDAwMDAwMDB9fQ=="
        }
      ]
    },
    {
      "module": "module.file_ingest",
      "mode": "managed",
      "type": "google_service_account",
      "name": "move_delete_files",
      "provider": "provider[\"registry.terraform.io/hashicorp/google\"]",
      "instances": [
        {
          "schema_version": 0,
          "attributes": {
            "account_id": "move-delete-files",
            "description": "",
            "disabled": false,
            "display_name": "Service Account to run move_files and delete_files cloud function",
            "email": "move-delete-files@g-hack-348122.iam.gserviceaccount.com",
            "id": "projects/g-hack-348122/serviceAccounts/move-delete-files@g-hack-348122.iam.gserviceaccount.com",
            "name": "projects/g-hack-348122/serviceAccounts/move-delete-files@g-hack-348122.iam.gserviceaccount.com",
            "project": "g-hack-348122",
            "timeouts": null,
            "unique_id": "117878812624696247687"
          },
          "sensitive_attributes": [],
          "private": "eyJlMmJmYjczMC1lY2FhLTExZTYtOGY4OC0zNDM2M2JjN2M0YzAiOnsiY3JlYXRlIjozMDAwMDAwMDAwMDB9fQ=="
        }
      ]
    },
    {
      "module": "module.file_ingest",
      "mode": "managed",
      "type": "google_service_account",
      "name": "task_creator",
      "provider": "provider[\"registry.terraform.io/hashicorp/google\"]",
      "instances": [
        {
          "schema_version": 0,
          "attributes": {
            "account_id": "task-creator",
            "description": "",
            "disabled": false,
            "display_name": "Service Account to run task_creator and task_creator_done cloud function",
            "email": "task-creator@g-hack-348122.iam.gserviceaccount.com",
            "id": "projects/g-hack-348122/serviceAccounts/task-creator@g-hack-348122.iam.gserviceaccount.com",
            "name": "projects/g-hack-348122/serviceAccounts/task-creator@g-hack-348122.iam.gserviceaccount.com",
            "project": "g-hack-348122",
            "timeouts": null,
            "unique_id": "117345990432618720948"
          },
          "sensitive_attributes": [],
          "private": "eyJlMmJmYjczMC1lY2FhLTExZTYtOGY4OC0zNDM2M2JjN2M0YzAiOnsiY3JlYXRlIjozMDAwMDAwMDAwMDB9fQ=="
        }
      ]
    },
    {
      "module": "module.file_ingest",
      "mode": "managed",
      "type": "google_service_account_iam_member",
      "name": "gcs_to_bq_sa_user",
      "provider": "provider[\"registry.terraform.io/hashicorp/google\"]",
      "instances": [
        {
          "schema_version": 0,
          "attributes": {
            "condition": [],
            "etag": "BwXdbxcdXYM=",
            "id": "projects/g-hack-348122/serviceAccounts/gcs-to-bq@g-hack-348122.iam.gserviceaccount.com/roles/iam.serviceAccountUser/serviceAccount:devoteam-hackaton-terraform@g-hack-348122.iam.gserviceaccount.com",
            "member": "serviceAccount:devoteam-hackaton-terraform@g-hack-348122.iam.gserviceaccount.com",
            "role": "roles/iam.serviceAccountUser",
            "service_account_id": "projects/g-hack-348122/serviceAccounts/gcs-to-bq@g-hack-348122.iam.gserviceaccount.com"
          },
          "sensitive_attributes": [],
          "private": "bnVsbA==",
          "dependencies": [
            "data.google_service_account.terraform",
            "module.file_ingest.google_service_account.gcs-to-bq"
          ]
        }
      ]
    },
    {
      "module": "module.file_ingest",
      "mode": "managed",
      "type": "google_service_account_iam_member",
      "name": "move_delete_files_sa_user",
      "provider": "provider[\"registry.terraform.io/hashicorp/google\"]",
      "instances": [
        {
          "schema_version": 0,
          "attributes": {
            "condition": [],
            "etag": "BwXdbxciHxk=",
            "id": "projects/g-hack-348122/serviceAccounts/move-delete-files@g-hack-348122.iam.gserviceaccount.com/roles/iam.serviceAccountUser/serviceAccount:devoteam-hackaton-terraform@g-hack-348122.iam.gserviceaccount.com",
            "member": "serviceAccount:devoteam-hackaton-terraform@g-hack-348122.iam.gserviceaccount.com",
            "role": "roles/iam.serviceAccountUser",
            "service_account_id": "projects/g-hack-348122/serviceAccounts/move-delete-files@g-hack-348122.iam.gserviceaccount.com"
          },
          "sensitive_attributes": [],
          "private": "bnVsbA==",
          "dependencies": [
            "data.google_service_account.terraform",
            "module.file_ingest.google_service_account.move_delete_files"
          ]
        }
      ]
    },
    {
      "module": "module.file_ingest",
      "mode": "managed",
      "type": "google_storage_bucket",
      "name": "integration_bucket",
      "provider": "provider[\"registry.terraform.io/hashicorp/google\"]",
      "instances": [
        {
          "index_key": "devo-hack-ar-backup",
          "schema_version": 0,
          "attributes": {
            "cors": [],
            "default_event_based_hold": false,
            "encryption": [],
            "force_destroy": false,
            "id": "devo-hack-ar-backup",
            "labels": null,
            "lifecycle_rule": [],
            "location": "EU",
            "logging": [],
            "name": "devo-hack-ar-backup",
            "project": "g-hack-348122",
            "requester_pays": false,
            "retention_policy": [],
            "self_link": "https://www.googleapis.com/storage/v1/b/devo-hack-ar-backup",
            "storage_class": "STANDARD",
            "timeouts": null,
            "uniform_bucket_level_access": false,
            "url": "gs://devo-hack-ar-backup",
            "versioning": [],
            "website": []
          },
          "sensitive_attributes": [],
          "private": "eyJlMmJmYjczMC1lY2FhLTExZTYtOGY4OC0zNDM2M2JjN2M0YzAiOnsiY3JlYXRlIjoyNDAwMDAwMDAwMDAsInJlYWQiOjI0MDAwMDAwMDAwMCwidXBkYXRlIjoyNDAwMDAwMDAwMDB9fQ=="
        },
        {
          "index_key": "devo-hack-ar-error-backup",
          "schema_version": 0,
          "attributes": {
            "cors": [],
            "default_event_based_hold": false,
            "encryption": [],
            "force_destroy": false,
            "id": "devo-hack-ar-error-backup",
            "labels": null,
            "lifecycle_rule": [],
            "location": "EU",
            "logging": [],
            "name": "devo-hack-ar-error-backup",
            "project": "g-hack-348122",
            "requester_pays": false,
            "retention_policy": [],
            "self_link": "https://www.googleapis.com/storage/v1/b/devo-hack-ar-error-backup",
            "storage_class": "STANDARD",
            "timeouts": null,
            "uniform_bucket_level_access": false,
            "url": "gs://devo-hack-ar-error-backup",
            "versioning": [],
            "website": []
          },
          "sensitive_attributes": [],
          "private": "eyJlMmJmYjczMC1lY2FhLTExZTYtOGY4OC0zNDM2M2JjN2M0YzAiOnsiY3JlYXRlIjoyNDAwMDAwMDAwMDAsInJlYWQiOjI0MDAwMDAwMDAwMCwidXBkYXRlIjoyNDAwMDAwMDAwMDB9fQ=="
        },
        {
          "index_key": "devo-hack-ar-in",
          "schema_version": 0,
          "attributes": {
            "cors": [],
            "default_event_based_hold": false,
            "encryption": [],
            "force_destroy": false,
            "id": "devo-hack-ar-in",
            "labels": null,
            "lifecycle_rule": [],
            "location": "EU",
            "logging": [],
            "name": "devo-hack-ar-in",
            "project": "g-hack-348122",
            "requester_pays": false,
            "retention_policy": [],
            "self_link": "https://www.googleapis.com/storage/v1/b/devo-hack-ar-in",
            "storage_class": "STANDARD",
            "timeouts": null,
            "uniform_bucket_level_access": false,
            "url": "gs://devo-hack-ar-in",
            "versioning": [],
            "website": []
          },
          "sensitive_attributes": [],
          "private": "eyJlMmJmYjczMC1lY2FhLTExZTYtOGY4OC0zNDM2M2JjN2M0YzAiOnsiY3JlYXRlIjoyNDAwMDAwMDAwMDAsInJlYWQiOjI0MDAwMDAwMDAwMCwidXBkYXRlIjoyNDAwMDAwMDAwMDB9fQ=="
        },
        {
          "index_key": "devo-hack-ar-work",
          "schema_version": 0,
          "attributes": {
            "cors": [],
            "default_event_based_hold": false,
            "encryption": [],
            "force_destroy": false,
            "id": "devo-hack-ar-work",
            "labels": null,
            "lifecycle_rule": [],
            "location": "EU",
            "logging": [],
            "name": "devo-hack-ar-work",
            "project": "g-hack-348122",
            "requester_pays": false,
            "retention_policy": [],
            "self_link": "https://www.googleapis.com/storage/v1/b/devo-hack-ar-work",
            "storage_class": "STANDARD",
            "timeouts": null,
            "uniform_bucket_level_access": false,
            "url": "gs://devo-hack-ar-work",
            "versioning": [],
            "website": []
          },
          "sensitive_attributes": [],
          "private": "eyJlMmJmYjczMC1lY2FhLTExZTYtOGY4OC0zNDM2M2JjN2M0YzAiOnsiY3JlYXRlIjoyNDAwMDAwMDAwMDAsInJlYWQiOjI0MDAwMDAwMDAwMCwidXBkYXRlIjoyNDAwMDAwMDAwMDB9fQ=="
        }
      ]
    },
    {
      "module": "module.file_ingest",
      "mode": "managed",
      "type": "google_storage_notification",
      "name": "object_finalize_integration",
      "provider": "provider[\"registry.terraform.io/hashicorp/google\"]",
      "instances": [
        {
          "index_key": "devo-hack-ar-in",
          "schema_version": 0,
          "attributes": {
            "bucket": "devo-hack-ar-in",
            "custom_attributes": null,
            "event_types": [
              "OBJECT_FINALIZE"
            ],
            "id": "devo-hack-ar-in/notificationConfigs/1",
            "notification_id": "1",
            "object_name_prefix": "",
            "payload_format": "JSON_API_V1",
            "self_link": "https://www.googleapis.com/storage/v1/b/devo-hack-ar-in/notificationConfigs/1",
            "topic": "//pubsub.googleapis.com/projects/g-hack-348122/topics/integration-bucket"
          },
          "sensitive_attributes": [],
          "private": "bnVsbA==",
          "dependencies": [
            "module.file_ingest.data.google_storage_project_service_account.gcs_account",
            "module.file_ingest.google_pubsub_topic.integration-bucket",
            "module.file_ingest.google_pubsub_topic_iam_binding.ingest_notification",
            "module.file_ingest.google_storage_bucket.integration_bucket"
          ]
        },
        {
          "index_key": "devo-hack-ar-work",
          "schema_version": 0,
          "attributes": {
            "bucket": "devo-hack-ar-work",
            "custom_attributes": null,
            "event_types": [
              "OBJECT_FINALIZE"
            ],
            "id": "devo-hack-ar-work/notificationConfigs/1",
            "notification_id": "1",
            "object_name_prefix": "",
            "payload_format": "JSON_API_V1",
            "self_link": "https://www.googleapis.com/storage/v1/b/devo-hack-ar-work/notificationConfigs/1",
            "topic": "//pubsub.googleapis.com/projects/g-hack-348122/topics/integration-bucket"
          },
          "sensitive_attributes": [],
          "private": "bnVsbA==",
          "dependencies": [
            "module.file_ingest.data.google_storage_project_service_account.gcs_account",
            "module.file_ingest.google_pubsub_topic.integration-bucket",
            "module.file_ingest.google_pubsub_topic_iam_binding.ingest_notification",
            "module.file_ingest.google_storage_bucket.integration_bucket"
          ]
        }
      ]
    }
  ]
}
